PODS:
  - OpenSSL (1.0.210)
  - Realm (10.1.4):
    - Realm/Headers (= 10.1.4)
  - Realm/Headers (10.1.4)
  - RealmSwift (10.1.4):
    - Realm (= 10.1.4)

DEPENDENCIES:
  - OpenSSL (~> 1.0)
  - RealmSwift (= 10.1.4)

SPEC REPOS:
  https://github.com/CocoaPods/Specs.git:
    - OpenSSL
  trunk:
    - Realm
    - RealmSwift

SPEC CHECKSUMS:
  OpenSSL: 246ffb948e9d56466727fd318134af35f5aa764e
  Realm: 80f4fb2971ccb9adc27a47d0955ae8e533a7030b
  RealmSwift: 0e566ca714edb377bba8ea0811eafcea0b93734e

PODFILE CHECKSUM: f427779f6fb74ba1368960c9c28d52a45fc8fd0f

COCOAPODS: 1.10.1
